
Microsoft Visual Studio Solution File, Format Version 12.00
# Visual Studio 14
VisualStudioVersion = 14.0.25420.1
MinimumVisualStudioVersion = 10.0.40219.1
Project("{FAE04EC0-301F-11D3-BF4B-00C04F79EFBC}") = "ModaCel", "ModaCel\ModaCel.csproj", "{18EAF153-4328-4A89-8E4C-B16FEA233BE8}"
EndProject
Project("{E24C65DC-7377-472B-9ABA-BC803B73C61A}") = "ustora", "..\ustora\", "{653F8C6E-E8CA-4D4C-9E11-416542A5A319}"
	ProjectSection(WebsiteProperties) = preProject
		TargetFrameworkMoniker = ".NETFramework,Version%3Dv4.0"
		Debug.AspNetCompiler.VirtualPath = "/localhost_8873"
		Debug.AspNetCompiler.PhysicalPath = "..\ustora\"
		Debug.AspNetCompiler.TargetPath = "PrecompiledWeb\localhost_8873\"
		Debug.AspNetCompiler.Updateable = "true"
		Debug.AspNetCompiler.ForceOverwrite = "true"
		Debug.AspNetCompiler.FixedNames = "false"
		Debug.AspNetCompiler.Debug = "True"
		Release.AspNetCompiler.VirtualPath = "/localhost_8873"
		Release.AspNetCompiler.PhysicalPath = "..\ustora\"
		Release.AspNetCompiler.TargetPath = "PrecompiledWeb\localhost_8873\"
		Release.AspNetCompiler.Updateable = "true"
		Release.AspNetCompiler.ForceOverwrite = "true"
		Release.AspNetCompiler.FixedNames = "false"
		Release.AspNetCompiler.Debug = "False"
		VWDPort = "8873"
		SlnRelativePath = "..\ustora\"
	EndProjectSection
EndProject
Global
	GlobalSection(SolutionConfigurationPlatforms) = preSolution
		Debug|Any CPU = Debug|Any CPU
		Release|Any CPU = Release|Any CPU
	EndGlobalSection
	GlobalSection(ProjectConfigurationPlatforms) = postSolution
		{18EAF153-4328-4A89-8E4C-B16FEA233BE8}.Debug|Any CPU.ActiveCfg = Debug|Any CPU
		{18EAF153-4328-4A89-8E4C-B16FEA233BE8}.Debug|Any CPU.Build.0 = Debug|Any CPU
		{18EAF153-4328-4A89-8E4C-B16FEA233BE8}.Release|Any CPU.ActiveCfg = Release|Any CPU
		{18EAF153-4328-4A89-8E4C-B16FEA233BE8}.Release|Any CPU.Build.0 = Release|Any CPU
		{653F8C6E-E8CA-4D4C-9E11-416542A5A319}.Debug|Any CPU.ActiveCfg = Debug|Any CPU
		{653F8C6E-E8CA-4D4C-9E11-416542A5A319}.Debug|Any CPU.Build.0 = Debug|Any CPU
		{653F8C6E-E8CA-4D4C-9E11-416542A5A319}.Release|Any CPU.ActiveCfg = Debug|Any CPU
		{653F8C6E-E8CA-4D4C-9E11-416542A5A319}.Release|Any CPU.Build.0 = Debug|Any CPU
	EndGlobalSection
	GlobalSection(SolutionProperties) = preSolution
		HideSolutionNode = FALSE
	EndGlobalSection
EndGlobal
